// !$*UTF8*$!
{
	archiveVersion = 1;
	classes = {
	};
	objectVersion = 56;
	objects = {

/* Begin PBXBuildFile section */
		A378AC5E2C787E6C00802CE1 /* main.m in Sources */ = {isa = PBXBuildFile; fileRef = A378AC5D2C787E6C00802CE1 /* main.m */; };
		A378AC762C789F2D00802CE1 /* Phone.m in Sources */ = {isa = PBXBuildFile; fileRef = A378AC752C789F2D00802CE1 /* Phone.m */; };
		A378AC7B2C7C2CF700802CE1 /* main.m in Sources */ = {isa = PBXBuildFile; fileRef = A378AC6F2C788E1E00802CE1 /* main.m */; };
/* End PBXBuildFile section */

/* Begin PBXCopyFilesBuildPhase section */
		A378AC582C787E6C00802CE1 /* CopyFiles */ = {
			isa = PBXCopyFilesBuildPhase;
			buildActionMask = 2147483647;
			dstPath = /usr/share/man/man1/;
			dstSubfolderSpec = 0;
			files = (
			);
			runOnlyForDeploymentPostprocessing = 1;
		};
		A378AC6B2C788E1E00802CE1 /* CopyFiles */ = {
			isa = PBXCopyFilesBuildPhase;
			buildActionMask = 2147483647;
			dstPath = /usr/share/man/man1/;
			dstSubfolderSpec = 0;
			files = (
			);
			runOnlyForDeploymentPostprocessing = 1;
		};
/* End PBXCopyFilesBuildPhase section */

/* Begin PBXFileReference section */
		A378AC5A2C787E6C00802CE1 /* FollowtheClass */ = {isa = PBXFileReference; explicitFileType = "compiled.mach-o.executable"; includeInIndex = 0; path = FollowtheClass; sourceTree = BUILT_PRODUCTS_DIR; };
		A378AC5D2C787E6C00802CE1 /* main.m */ = {isa = PBXFileReference; lastKnownFileType = sourcecode.c.objc; path = main.m; sourceTree = "<group>"; };
		A378AC6D2C788E1E00802CE1 /* 第一个oc类 */ = {isa = PBXFileReference; explicitFileType = "compiled.mach-o.executable"; includeInIndex = 0; path = "第一个oc类"; sourceTree = BUILT_PRODUCTS_DIR; };
		A378AC6F2C788E1E00802CE1 /* main.m */ = {isa = PBXFileReference; lastKnownFileType = sourcecode.c.objc; path = main.m; sourceTree = "<group>"; };
		A378AC742C789F2D00802CE1 /* Phone.h */ = {isa = PBXFileReference; lastKnownFileType = sourcecode.c.h; path = Phone.h; sourceTree = "<group>"; };
		A378AC752C789F2D00802CE1 /* Phone.m */ = {isa = PBXFileReference; lastKnownFileType = sourcecode.c.objc; path = Phone.m; sourceTree = "<group>"; };
/* End PBXFileReference section */

/* Begin PBXFrameworksBuildPhase section */
		A378AC572C787E6C00802CE1 /* Frameworks */ = {
			isa = PBXFrameworksBuildPhase;
			buildActionMask = 2147483647;
			files = (
			);
			runOnlyForDeploymentPostprocessing = 0;
		};
		A378AC6A2C788E1E00802CE1 /* Frameworks */ = {
			isa = PBXFrameworksBuildPhase;
			buildActionMask = 2147483647;
			files = (
			);
			runOnlyForDeploymentPostprocessing = 0;
		};
/* End PBXFrameworksBuildPhase section */

/* Begin PBXGroup section */
		A378AC512C787E6B00802CE1 = {
			isa = PBXGroup;
			children = (
				A378AC5C2C787E6C00802CE1 /* FollowtheClass */,
				A378AC6E2C788E1E00802CE1 /* 第一个oc类 */,
				A378AC5B2C787E6C00802CE1 /* Products */,
			);
			sourceTree = "<group>";
		};
		A378AC5B2C787E6C00802CE1 /* Products */ = {
			isa = PBXGroup;
			children = (
				A378AC5A2C787E6C00802CE1 /* FollowtheClass */,
				A378AC6D2C788E1E00802CE1 /* 第一个oc类 */,
			);
			name = Products;
			sourceTree = "<group>";
		};
		A378AC5C2C787E6C00802CE1 /* FollowtheClass */ = {
			isa = PBXGroup;
			children = (
				A378AC5D2C787E6C00802CE1 /* main.m */,
			);
			path = FollowtheClass;
			sourceTree = "<group>";
		};
		A378AC6E2C788E1E00802CE1 /* 第一个oc类 */ = {
			isa = PBXGroup;
			children = (
				A378AC6F2C788E1E00802CE1 /* main.m */,
				A378AC742C789F2D00802CE1 /* Phone.h */,
				A378AC752C789F2D00802CE1 /* Phone.m */,
			);
			path = "第一个oc类";
			sourceTree = "<group>";
		};
/* End PBXGroup section */

/* Begin PBXNativeTarget section */
		A378AC592C787E6C00802CE1 /* FollowtheClass */ = {
			isa = PBXNativeTarget;
			buildConfigurationList = A378AC612C787E6C00802CE1 /* Build configuration list for PBXNativeTarget "FollowtheClass" */;
			buildPhases = (
				A378AC562C787E6C00802CE1 /* Sources */,
				A378AC572C787E6C00802CE1 /* Frameworks */,
				A378AC582C787E6C00802CE1 /* CopyFiles */,
			);
			buildRules = (
			);
			dependencies = (
			);
			name = FollowtheClass;
			productName = FollowtheClass;
			productReference = A378AC5A2C787E6C00802CE1 /* FollowtheClass */;
			productType = "com.apple.product-type.tool";
		};
		A378AC6C2C788E1E00802CE1 /* 第一个oc类 */ = {
			isa = PBXNativeTarget;
			buildConfigurationList = A378AC712C788E1E00802CE1 /* Build configuration list for PBXNativeTarget "第一个oc类" */;
			buildPhases = (
				A378AC692C788E1E00802CE1 /* Sources */,
				A378AC6A2C788E1E00802CE1 /* Frameworks */,
				A378AC6B2C788E1E00802CE1 /* CopyFiles */,
			);
			buildRules = (
			);
			dependencies = (
			);
			name = "第一个oc类";
			productName = "第一个oc类";
			productReference = A378AC6D2C788E1E00802CE1 /* 第一个oc类 */;
			productType = "com.apple.product-type.tool";
		};
/* End PBXNativeTarget section */

/* Begin PBXProject section */
		A378AC522C787E6B00802CE1 /* Project object */ = {
			isa = PBXProject;
			attributes = {
				BuildIndependentTargetsInParallel = 1;
				LastUpgradeCheck = 1540;
				TargetAttributes = {
					A378AC592C787E6C00802CE1 = {
						CreatedOnToolsVersion = 15.4;
					};
					A378AC6C2C788E1E00802CE1 = {
						CreatedOnToolsVersion = 15.4;
					};
				};
			};
			buildConfigurationList = A378AC552C787E6B00802CE1 /* Build configuration list for PBXProject "FollowtheClass" */;
			compatibilityVersion = "Xcode 14.0";
			developmentRegion = en;
			hasScannedForEncodings = 0;
			knownRegions = (
				en,
				Base,
			);
			mainGroup = A378AC512C787E6B00802CE1;
			productRefGroup = A378AC5B2C787E6C00802CE1 /* Products */;
			projectDirPath = "";
			projectRoot = "";
			targets = (
				A378AC592C787E6C00802CE1 /* FollowtheClass */,
				A378AC6C2C788E1E00802CE1 /* 第一个oc类 */,
			);
		};
/* End PBXProject section */

/* Begin PBXSourcesBuildPhase section */
		A378AC562C787E6C00802CE1 /* Sources */ = {
			isa = PBXSourcesBuildPhase;
			buildActionMask = 2147483647;
			files = (
				A378AC5E2C787E6C00802CE1 /* main.m in Sources */,
			);
			runOnlyForDeploymentPostprocessing = 0;
		};
		A378AC692C788E1E00802CE1 /* Sources */ = {
			isa = PBXSourcesBuildPhase;
			buildActionMask = 2147483647;
			files = (
				A378AC7B2C7C2CF700802CE1 /* main.m in Sources */,
				A378AC762C789F2D00802CE1 /* Phone.m in Sources */,
			);
			runOnlyForDeploymentPostprocessing = 0;
		};
/* End PBXSourcesBuildPhase section */

/* Begin XCBuildConfiguration section */
		A378AC5F2C787E6C00802CE1 /* Debug */ = {
			isa = XCBuildConfiguration;
			buildSettings = {
				ALWAYS_SEARCH_USER_PATHS = NO;
				ASSETCATALOG_COMPILER_GENERATE_SWIFT_ASSET_SYMBOL_EXTENSIONS = YES;
				CLANG_ANALYZER_NONNULL = YES;
				CLANG_ANALYZER_NUMBER_OBJECT_CONVERSION = YES_AGGRESSIVE;
				CLANG_CXX_LANGUAGE_STANDARD = "gnu++20";
				CLANG_ENABLE_MODULES = YES;
				CLANG_ENABLE_OBJC_ARC = YES;
				CLANG_ENABLE_OBJC_WEAK = YES;
				CLANG_WARN_BLOCK_CAPTURE_AUTORELEASING = YES;
				CLANG_WARN_BOOL_CONVERSION = YES;
				CLANG_WARN_COMMA = YES;
				CLANG_WARN_CONSTANT_CONVERSION = YES;
				CLANG_WARN_DEPRECATED_OBJC_IMPLEMENTATIONS = YES;
				CLANG_WARN_DIRECT_OBJC_ISA_USAGE = YES_ERROR;
				CLANG_WARN_DOCUMENTATION_COMMENTS = YES;
				CLANG_WARN_EMPTY_BODY = YES;
				CLANG_WARN_ENUM_CONVERSION = YES;
				CLANG_WARN_INFINITE_RECURSION = YES;
				CLANG_WARN_INT_CONVERSION = YES;
				CLANG_WARN_NON_LITERAL_NULL_CONVERSION = YES;
				CLANG_WARN_OBJC_IMPLICIT_RETAIN_SELF = YES;
				CLANG_WARN_OBJC_LITERAL_CONVERSION = YES;
				CLANG_WARN_OBJC_ROOT_CLASS = YES_ERROR;
				CLANG_WARN_QUOTED_INCLUDE_IN_FRAMEWORK_HEADER = YES;
				CLANG_WARN_RANGE_LOOP_ANALYSIS = YES;
				CLANG_WARN_STRICT_PROTOTYPES = YES;
				CLANG_WARN_SUSPICIOUS_MOVE = YES;
				CLANG_WARN_UNGUARDED_AVAILABILITY = YES_AGGRESSIVE;
				CLANG_WARN_UNREACHABLE_CODE = YES;
				CLANG_WARN__DUPLICATE_METHOD_MATCH = YES;
				COPY_PHASE_STRIP = NO;
				DEBUG_INFORMATION_FORMAT = dwarf;
				ENABLE_STRICT_OBJC_MSGSEND = YES;
				ENABLE_TESTABILITY = YES;
				ENABLE_USER_SCRIPT_SANDBOXING = YES;
				GCC_C_LANGUAGE_STANDARD = gnu17;
				GCC_DYNAMIC_NO_PIC = NO;
				GCC_NO_COMMON_BLOCKS = YES;
				GCC_OPTIMIZATION_LEVEL = 0;
				GCC_PREPROCESSOR_DEFINITIONS = (
					"DEBUG=1",
					"$(inherited)",
				);
				GCC_WARN_64_TO_32_BIT_CONVERSION = YES;
				GCC_WARN_ABOUT_RETURN_TYPE = YES_ERROR;
				GCC_WARN_UNDECLARED_SELECTOR = YES;
				GCC_WARN_UNINITIALIZED_AUTOS = YES_AGGRESSIVE;
				GCC_WARN_UNUSED_FUNCTION = YES;
				GCC_WARN_UNUSED_VARIABLE = YES;
				LOCALIZATION_PREFERS_STRING_CATALOGS = YES;
				MACOSX_DEPLOYMENT_TARGET = 14.4;
				MTL_ENABLE_DEBUG_INFO = INCLUDE_SOURCE;
				MTL_FAST_MATH = YES;
				ONLY_ACTIVE_ARCH = YES;
				SDKROOT = macosx;
			};
			name = Debug;
		};
		A378AC602C787E6C00802CE1 /* Release */ = {
			isa = XCBuildConfiguration;
			buildSettings = {
				ALWAYS_SEARCH_USER_PATHS = NO;
				ASSETCATALOG_COMPILER_GENERATE_SWIFT_ASSET_SYMBOL_EXTENSIONS = YES;
				CLANG_ANALYZER_NONNULL = YES;
				CLANG_ANALYZER_NUMBER_OBJECT_CONVERSION = YES_AGGRESSIVE;
				CLANG_CXX_LANGUAGE_STANDARD = "gnu++20";
				CLANG_ENABLE_MODULES = YES;
				CLANG_ENABLE_OBJC_ARC = YES;
				CLANG_ENABLE_OBJC_WEAK = YES;
				CLANG_WARN_BLOCK_CAPTURE_AUTORELEASING = YES;
				CLANG_WARN_BOOL_CONVERSION = YES;
				CLANG_WARN_COMMA = YES;
				CLANG_WARN_CONSTANT_CONVERSION = YES;
				CLANG_WARN_DEPRECATED_OBJC_IMPLEMENTATIONS = YES;
				CLANG_WARN_DIRECT_OBJC_ISA_USAGE = YES_ERROR;
				CLANG_WARN_DOCUMENTATION_COMMENTS = YES;
				CLANG_WARN_EMPTY_BODY = YES;
				CLANG_WARN_ENUM_CONVERSION = YES;
				CLANG_WARN_INFINITE_RECURSION = YES;
				CLANG_WARN_INT_CONVERSION = YES;
				CLANG_WARN_NON_LITERAL_NULL_CONVERSION = YES;
				CLANG_WARN_OBJC_IMPLICIT_RETAIN_SELF = YES;
				CLANG_WARN_OBJC_LITERAL_CONVERSION = YES;
				CLANG_WARN_OBJC_ROOT_CLASS = YES_ERROR;
				CLANG_WARN_QUOTED_INCLUDE_IN_FRAMEWORK_HEADER = YES;
				CLANG_WARN_RANGE_LOOP_ANALYSIS = YES;
				CLANG_WARN_STRICT_PROTOTYPES = YES;
				CLANG_WARN_SUSPICIOUS_MOVE = YES;
				CLANG_WARN_UNGUARDED_AVAILABILITY = YES_AGGRESSIVE;
				CLANG_WARN_UNREACHABLE_CODE = YES;
				CLANG_WARN__DUPLICATE_METHOD_MATCH = YES;
				COPY_PHASE_STRIP = NO;
				DEBUG_INFORMATION_FORMAT = "dwarf-with-dsym";
				ENABLE_NS_ASSERTIONS = NO;
				ENABLE_STRICT_OBJC_MSGSEND = YES;
				ENABLE_USER_SCRIPT_SANDBOXING = YES;
				GCC_C_LANGUAGE_STANDARD = gnu17;
				GCC_NO_COMMON_BLOCKS = YES;
				GCC_WARN_64_TO_32_BIT_CONVERSION = YES;
				GCC_WARN_ABOUT_RETURN_TYPE = YES_ERROR;
				GCC_WARN_UNDECLARED_SELECTOR = YES;
				GCC_WARN_UNINITIALIZED_AUTOS = YES_AGGRESSIVE;
				GCC_WARN_UNUSED_FUNCTION = YES;
				GCC_WARN_UNUSED_VARIABLE = YES;
				LOCALIZATION_PREFERS_STRING_CATALOGS = YES;
				MACOSX_DEPLOYMENT_TARGET = 14.4;
				MTL_ENABLE_DEBUG_INFO = NO;
				MTL_FAST_MATH = YES;
				SDKROOT = macosx;
			};
			name = Release;
		};
		A378AC622C787E6C00802CE1 /* Debug */ = {
			isa = XCBuildConfiguration;
			buildSettings = {
				CODE_SIGN_STYLE = Automatic;
				PRODUCT_NAME = "$(TARGET_NAME)";
			};
			name = Debug;
		};
		A378AC632C787E6C00802CE1 /* Release */ = {
			isa = XCBuildConfiguration;
			buildSettings = {
				CODE_SIGN_STYLE = Automatic;
				PRODUCT_NAME = "$(TARGET_NAME)";
			};
			name = Release;
		};
		A378AC722C788E1E00802CE1 /* Debug */ = {
			isa = XCBuildConfiguration;
			buildSettings = {
				CODE_SIGN_STYLE = Automatic;
				PRODUCT_NAME = "$(TARGET_NAME)";
			};
			name = Debug;
		};
		A378AC732C788E1E00802CE1 /* Release */ = {
			isa = XCBuildConfiguration;
			buildSettings = {
				CODE_SIGN_STYLE = Automatic;
				PRODUCT_NAME = "$(TARGET_NAME)";
			};
			name = Release;
		};
/* End XCBuildConfiguration section */

/* Begin XCConfigurationList section */
		A378AC552C787E6B00802CE1 /* Build configuration list for PBXProject "FollowtheClass" */ = {
			isa = XCConfigurationList;
			buildConfigurations = (
				A378AC5F2C787E6C00802CE1 /* Debug */,
				A378AC602C787E6C00802CE1 /* Release */,
			);
			defaultConfigurationIsVisible = 0;
			defaultConfigurationName = Release;
		};
		A378AC612C787E6C00802CE1 /* Build configuration list for PBXNativeTarget "FollowtheClass" */ = {
			isa = XCConfigurationList;
			buildConfigurations = (
				A378AC622C787E6C00802CE1 /* Debug */,
				A378AC632C787E6C00802CE1 /* Release */,
			);
			defaultConfigurationIsVisible = 0;
			defaultConfigurationName = Release;
		};
		A378AC712C788E1E00802CE1 /* Build configuration list for PBXNativeTarget "第一个oc类" */ = {
			isa = XCConfigurationList;
			buildConfigurations = (
				A378AC722C788E1E00802CE1 /* Debug */,
				A378AC732C788E1E00802CE1 /* Release */,
			);
			defaultConfigurationIsVisible = 0;
			defaultConfigurationName = Release;
		};
/* End XCConfigurationList section */
	};
	rootObject = A378AC522C787E6B00802CE1 /* Project object */;
}
